
Microsoft Visual Studio Solution File, Format Version 12.00
# Visual Studio Version 17
VisualStudioVersion = 17.1.32210.238
MinimumVisualStudioVersion = 10.0.40219.1
Project("{FAE04EC0-301F-11D3-BF4B-00C04F79EFBC}") = "Compilador", "Compilador.csproj", "{014A755C-D111-4B59-8F35-4F688DA0CBA7}"
EndProject
Global
	GlobalSection(SolutionConfigurationPlatforms) = preSolution
		Debug|Any CPU = Debug|Any CPU
		Release|Any CPU = Release|Any CPU
	EndGlobalSection
	GlobalSection(ProjectConfigurationPlatforms) = postSolution
		{014A755C-D111-4B59-8F35-4F688DA0CBA7}.Debug|Any CPU.ActiveCfg = Debug|Any CPU
		{014A755C-D111-4B59-8F35-4F688DA0CBA7}.Debug|Any CPU.Build.0 = Debug|Any CPU
		{014A755C-D111-4B59-8F35-4F688DA0CBA7}.Release|Any CPU.ActiveCfg = Release|Any CPU
		{014A755C-D111-4B59-8F35-4F688DA0CBA7}.Release|Any CPU.Build.0 = Release|Any CPU
	EndGlobalSection
	GlobalSection(SolutionProperties) = preSolution
		HideSolutionNode = FALSE
	EndGlobalSection
	GlobalSection(ExtensibilityGlobals) = postSolution
		SolutionGuid = {C94FF506-EF8E-4BD5-877C-759D0669E451}
	EndGlobalSection
EndGlobal
